
Microsoft Visual Studio Solution File, Format Version 12.00
# Visual Studio Version 16
VisualStudioVersion = 16.0.29806.167
MinimumVisualStudioVersion = 10.0.40219.1
Project("{E53339B2-1760-4266-BCC7-CA923CBCF16C}") = "docker-compose", "docker-compose.dcproj", "{4B1AE079-D273-40C2-9B74-39B7991A8C52}"
EndProject
Project("{9A19103F-16F7-4668-BE54-9A1E7A4F7556}") = "Extensions", "Extensions\Extensions.csproj", "{9B2FEDA1-07D3-45C5-AFE4-068ED396C616}"
EndProject
Project("{9A19103F-16F7-4668-BE54-9A1E7A4F7556}") = "TelegramBot", "TelegramBot\TelegramBot.csproj", "{F7CC73B4-E6A9-4CE4-9665-E7A5030B502F}"
EndProject
Project("{9A19103F-16F7-4668-BE54-9A1E7A4F7556}") = "TelegramBot.Tests", "TelegramBot.Tests\TelegramBot.Tests.csproj", "{6BC0582D-9162-4E4F-9CAF-DA7328AAD7AE}"
EndProject
Project("{9A19103F-16F7-4668-BE54-9A1E7A4F7556}") = "Extensions.Tests", "Extensions.Tests\Extensions.Tests.csproj", "{8F337226-8A0E-45D6-9A3D-EA9DC4D7DE58}"
EndProject
Project("{FAE04EC0-301F-11D3-BF4B-00C04F79EFBC}") = "ConfigProducer", "ConfigProducer\ConfigProducer.csproj", "{5EB185A7-F289-4214-A702-3B95DF71581D}"
EndProject
Project("{FAE04EC0-301F-11D3-BF4B-00C04F79EFBC}") = "UpdatesConsumer", "UpdatesConsumer\UpdatesConsumer.csproj", "{9B910296-9E9D-41CF-A95A-A7302E9AF116}"
EndProject
Project("{FAE04EC0-301F-11D3-BF4B-00C04F79EFBC}") = "TwitterUserManager", "TwitterUserManager\TwitterUserManager.csproj", "{75E84264-8219-4051-AF2A-10D039076326}"
EndProject
Project("{FAE04EC0-301F-11D3-BF4B-00C04F79EFBC}") = "MockUpdatesProducer", "MockUpdatesProducer\MockUpdatesProducer.csproj", "{BAC21EB8-6503-4324-8B44-5F84DF2FBF3A}"
EndProject
Project("{FAE04EC0-301F-11D3-BF4B-00C04F79EFBC}") = "DataLayer", "DataLayer\DataLayer.csproj", "{940DAB63-458B-4668-A832-9115B285ED12}"
EndProject
Project("{FAE04EC0-301F-11D3-BF4B-00C04F79EFBC}") = "Dashboard", "Dashboard\Dashboard.csproj", "{AA780AC0-D1F9-431F-AB9B-826C64CFA01D}"
EndProject
Global
	GlobalSection(SolutionConfigurationPlatforms) = preSolution
		Debug|Any CPU = Debug|Any CPU
		Release|Any CPU = Release|Any CPU
	EndGlobalSection
	GlobalSection(ProjectConfigurationPlatforms) = postSolution
		{4B1AE079-D273-40C2-9B74-39B7991A8C52}.Debug|Any CPU.ActiveCfg = Debug|Any CPU
		{4B1AE079-D273-40C2-9B74-39B7991A8C52}.Debug|Any CPU.Build.0 = Debug|Any CPU
		{4B1AE079-D273-40C2-9B74-39B7991A8C52}.Release|Any CPU.ActiveCfg = Release|Any CPU
		{4B1AE079-D273-40C2-9B74-39B7991A8C52}.Release|Any CPU.Build.0 = Release|Any CPU
		{9B2FEDA1-07D3-45C5-AFE4-068ED396C616}.Debug|Any CPU.ActiveCfg = Debug|Any CPU
		{9B2FEDA1-07D3-45C5-AFE4-068ED396C616}.Debug|Any CPU.Build.0 = Debug|Any CPU
		{9B2FEDA1-07D3-45C5-AFE4-068ED396C616}.Release|Any CPU.ActiveCfg = Release|Any CPU
		{9B2FEDA1-07D3-45C5-AFE4-068ED396C616}.Release|Any CPU.Build.0 = Release|Any CPU
		{F7CC73B4-E6A9-4CE4-9665-E7A5030B502F}.Debug|Any CPU.ActiveCfg = Debug|Any CPU
		{F7CC73B4-E6A9-4CE4-9665-E7A5030B502F}.Debug|Any CPU.Build.0 = Debug|Any CPU
		{F7CC73B4-E6A9-4CE4-9665-E7A5030B502F}.Release|Any CPU.ActiveCfg = Release|Any CPU
		{F7CC73B4-E6A9-4CE4-9665-E7A5030B502F}.Release|Any CPU.Build.0 = Release|Any CPU
		{6BC0582D-9162-4E4F-9CAF-DA7328AAD7AE}.Debug|Any CPU.ActiveCfg = Debug|Any CPU
		{6BC0582D-9162-4E4F-9CAF-DA7328AAD7AE}.Debug|Any CPU.Build.0 = Debug|Any CPU
		{6BC0582D-9162-4E4F-9CAF-DA7328AAD7AE}.Release|Any CPU.ActiveCfg = Release|Any CPU
		{6BC0582D-9162-4E4F-9CAF-DA7328AAD7AE}.Release|Any CPU.Build.0 = Release|Any CPU
		{8F337226-8A0E-45D6-9A3D-EA9DC4D7DE58}.Debug|Any CPU.ActiveCfg = Debug|Any CPU
		{8F337226-8A0E-45D6-9A3D-EA9DC4D7DE58}.Debug|Any CPU.Build.0 = Debug|Any CPU
		{8F337226-8A0E-45D6-9A3D-EA9DC4D7DE58}.Release|Any CPU.ActiveCfg = Release|Any CPU
		{8F337226-8A0E-45D6-9A3D-EA9DC4D7DE58}.Release|Any CPU.Build.0 = Release|Any CPU
		{5EB185A7-F289-4214-A702-3B95DF71581D}.Debug|Any CPU.ActiveCfg = Debug|Any CPU
		{5EB185A7-F289-4214-A702-3B95DF71581D}.Debug|Any CPU.Build.0 = Debug|Any CPU
		{5EB185A7-F289-4214-A702-3B95DF71581D}.Release|Any CPU.ActiveCfg = Release|Any CPU
		{5EB185A7-F289-4214-A702-3B95DF71581D}.Release|Any CPU.Build.0 = Release|Any CPU
		{9B910296-9E9D-41CF-A95A-A7302E9AF116}.Debug|Any CPU.ActiveCfg = Debug|Any CPU
		{9B910296-9E9D-41CF-A95A-A7302E9AF116}.Debug|Any CPU.Build.0 = Debug|Any CPU
		{9B910296-9E9D-41CF-A95A-A7302E9AF116}.Release|Any CPU.ActiveCfg = Release|Any CPU
		{9B910296-9E9D-41CF-A95A-A7302E9AF116}.Release|Any CPU.Build.0 = Release|Any CPU
		{75E84264-8219-4051-AF2A-10D039076326}.Debug|Any CPU.ActiveCfg = Debug|Any CPU
		{75E84264-8219-4051-AF2A-10D039076326}.Debug|Any CPU.Build.0 = Debug|Any CPU
		{75E84264-8219-4051-AF2A-10D039076326}.Release|Any CPU.ActiveCfg = Release|Any CPU
		{75E84264-8219-4051-AF2A-10D039076326}.Release|Any CPU.Build.0 = Release|Any CPU
		{BAC21EB8-6503-4324-8B44-5F84DF2FBF3A}.Debug|Any CPU.ActiveCfg = Debug|Any CPU
		{BAC21EB8-6503-4324-8B44-5F84DF2FBF3A}.Debug|Any CPU.Build.0 = Debug|Any CPU
		{BAC21EB8-6503-4324-8B44-5F84DF2FBF3A}.Release|Any CPU.ActiveCfg = Release|Any CPU
		{BAC21EB8-6503-4324-8B44-5F84DF2FBF3A}.Release|Any CPU.Build.0 = Release|Any CPU
		{940DAB63-458B-4668-A832-9115B285ED12}.Debug|Any CPU.ActiveCfg = Debug|Any CPU
		{940DAB63-458B-4668-A832-9115B285ED12}.Debug|Any CPU.Build.0 = Debug|Any CPU
		{940DAB63-458B-4668-A832-9115B285ED12}.Release|Any CPU.ActiveCfg = Release|Any CPU
		{940DAB63-458B-4668-A832-9115B285ED12}.Release|Any CPU.Build.0 = Release|Any CPU
		{AA780AC0-D1F9-431F-AB9B-826C64CFA01D}.Debug|Any CPU.ActiveCfg = Debug|Any CPU
		{AA780AC0-D1F9-431F-AB9B-826C64CFA01D}.Debug|Any CPU.Build.0 = Debug|Any CPU
		{AA780AC0-D1F9-431F-AB9B-826C64CFA01D}.Release|Any CPU.ActiveCfg = Release|Any CPU
		{AA780AC0-D1F9-431F-AB9B-826C64CFA01D}.Release|Any CPU.Build.0 = Release|Any CPU
	EndGlobalSection
	GlobalSection(SolutionProperties) = preSolution
		HideSolutionNode = FALSE
	EndGlobalSection
	GlobalSection(ExtensibilityGlobals) = postSolution
		SolutionGuid = {6CFCBF25-FD13-467B-868A-608B80C0AE6A}
	EndGlobalSection
EndGlobal
