
Microsoft Visual Studio Solution File, Format Version 12.00
# Visual Studio Version 16
VisualStudioVersion = 16.0.29806.167
MinimumVisualStudioVersion = 10.0.40219.1
Project("{E53339B2-1760-4266-BCC7-CA923CBCF16C}") = "docker-compose", "docker-compose.dcproj", "{4B1AE079-D273-40C2-9B74-39B7991A8C52}"
EndProject
Project("{9A19103F-16F7-4668-BE54-9A1E7A4F7556}") = "TelegramSender", "TelegramSender\TelegramSender.csproj", "{F7CC73B4-E6A9-4CE4-9665-E7A5030B502F}"
EndProject
Project("{9A19103F-16F7-4668-BE54-9A1E7A4F7556}") = "Common", "Common\Common.csproj", "{630E5374-67E2-4FC0-A287-F2A503BBC64F}"
EndProject
Project("{9A19103F-16F7-4668-BE54-9A1E7A4F7556}") = "TelegramReceiver", "TelegramReceiver\TelegramReceiver.csproj", "{885765AF-ADBC-4F36-A5DE-65B92770DB51}"
EndProject
Project("{9A19103F-16F7-4668-BE54-9A1E7A4F7556}") = "SubscriptionsDb", "SubscriptionsDb\SubscriptionsDb.csproj", "{98CBF355-0CA7-4670-8645-AA36713BA687}"
EndProject
Project("{FAE04EC0-301F-11D3-BF4B-00C04F79EFBC}") = "TelegramReceiver.Tests", "TelegramReceiver.Tests\TelegramReceiver.Tests.csproj", "{A48DDDF8-19FE-4439-B01A-0859891D37C5}"
EndProject
Project("{FAE04EC0-301F-11D3-BF4B-00C04F79EFBC}") = "SubscriptionsDb.Tests", "SubscriptionsDb.Tests\SubscriptionsDb.Tests.csproj", "{A17074BD-44B4-46F5-B783-7B9E39D2F11D}"
EndProject
Project("{FAE04EC0-301F-11D3-BF4B-00C04F79EFBC}") = "TelegramClient", "TelegramClient\TelegramClient.csproj", "{52B94DE2-D119-4E15-9E29-E4B0DBE66870}"
EndProject
Project("{FAE04EC0-301F-11D3-BF4B-00C04F79EFBC}") = "TelegramClient.Tests", "TelegramClient.Tests\TelegramClient.Tests.csproj", "{FCFF320C-078A-4D07-9FF0-10E6B1B3C271}"
EndProject
Project("{FAE04EC0-301F-11D3-BF4B-00C04F79EFBC}") = "SubscriptionsDb.Migrator", "SubscriptionsDb.Migrator\SubscriptionsDb.Migrator.csproj", "{68FF9AA9-436C-495E-B741-D16EB1C2E14D}"
EndProject
Project("{FAE04EC0-301F-11D3-BF4B-00C04F79EFBC}") = "TelegramSender.Tests", "TelegramSender.Tests\TelegramSender.Tests.csproj", "{5EFC130F-EE1A-4FFF-BB63-CBBC90A0BD34}"
EndProject
Project("{FAE04EC0-301F-11D3-BF4B-00C04F79EFBC}") = "Dashboard", "Dashboard\Dashboard.csproj", "{3F34FE9B-50E2-42ED-BD0E-26F92D5271F3}"
EndProject
Global
	GlobalSection(SolutionConfigurationPlatforms) = preSolution
		Debug|Any CPU = Debug|Any CPU
		Release|Any CPU = Release|Any CPU
	EndGlobalSection
	GlobalSection(ProjectConfigurationPlatforms) = postSolution
		{4B1AE079-D273-40C2-9B74-39B7991A8C52}.Debug|Any CPU.ActiveCfg = Debug|Any CPU
		{4B1AE079-D273-40C2-9B74-39B7991A8C52}.Debug|Any CPU.Build.0 = Debug|Any CPU
		{4B1AE079-D273-40C2-9B74-39B7991A8C52}.Release|Any CPU.ActiveCfg = Release|Any CPU
		{4B1AE079-D273-40C2-9B74-39B7991A8C52}.Release|Any CPU.Build.0 = Release|Any CPU
		{F7CC73B4-E6A9-4CE4-9665-E7A5030B502F}.Debug|Any CPU.ActiveCfg = Debug|Any CPU
		{F7CC73B4-E6A9-4CE4-9665-E7A5030B502F}.Debug|Any CPU.Build.0 = Debug|Any CPU
		{F7CC73B4-E6A9-4CE4-9665-E7A5030B502F}.Release|Any CPU.ActiveCfg = Release|Any CPU
		{F7CC73B4-E6A9-4CE4-9665-E7A5030B502F}.Release|Any CPU.Build.0 = Release|Any CPU
		{630E5374-67E2-4FC0-A287-F2A503BBC64F}.Debug|Any CPU.ActiveCfg = Debug|Any CPU
		{630E5374-67E2-4FC0-A287-F2A503BBC64F}.Debug|Any CPU.Build.0 = Debug|Any CPU
		{630E5374-67E2-4FC0-A287-F2A503BBC64F}.Release|Any CPU.ActiveCfg = Release|Any CPU
		{630E5374-67E2-4FC0-A287-F2A503BBC64F}.Release|Any CPU.Build.0 = Release|Any CPU
		{885765AF-ADBC-4F36-A5DE-65B92770DB51}.Debug|Any CPU.ActiveCfg = Debug|Any CPU
		{885765AF-ADBC-4F36-A5DE-65B92770DB51}.Debug|Any CPU.Build.0 = Debug|Any CPU
		{885765AF-ADBC-4F36-A5DE-65B92770DB51}.Release|Any CPU.ActiveCfg = Release|Any CPU
		{885765AF-ADBC-4F36-A5DE-65B92770DB51}.Release|Any CPU.Build.0 = Release|Any CPU
		{98CBF355-0CA7-4670-8645-AA36713BA687}.Debug|Any CPU.ActiveCfg = Debug|Any CPU
		{98CBF355-0CA7-4670-8645-AA36713BA687}.Debug|Any CPU.Build.0 = Debug|Any CPU
		{98CBF355-0CA7-4670-8645-AA36713BA687}.Release|Any CPU.ActiveCfg = Release|Any CPU
		{98CBF355-0CA7-4670-8645-AA36713BA687}.Release|Any CPU.Build.0 = Release|Any CPU
		{A48DDDF8-19FE-4439-B01A-0859891D37C5}.Debug|Any CPU.ActiveCfg = Debug|Any CPU
		{A48DDDF8-19FE-4439-B01A-0859891D37C5}.Debug|Any CPU.Build.0 = Debug|Any CPU
		{A48DDDF8-19FE-4439-B01A-0859891D37C5}.Release|Any CPU.ActiveCfg = Release|Any CPU
		{A48DDDF8-19FE-4439-B01A-0859891D37C5}.Release|Any CPU.Build.0 = Release|Any CPU
		{A17074BD-44B4-46F5-B783-7B9E39D2F11D}.Debug|Any CPU.ActiveCfg = Debug|Any CPU
		{A17074BD-44B4-46F5-B783-7B9E39D2F11D}.Debug|Any CPU.Build.0 = Debug|Any CPU
		{A17074BD-44B4-46F5-B783-7B9E39D2F11D}.Release|Any CPU.ActiveCfg = Release|Any CPU
		{A17074BD-44B4-46F5-B783-7B9E39D2F11D}.Release|Any CPU.Build.0 = Release|Any CPU
		{52B94DE2-D119-4E15-9E29-E4B0DBE66870}.Debug|Any CPU.ActiveCfg = Debug|Any CPU
		{52B94DE2-D119-4E15-9E29-E4B0DBE66870}.Debug|Any CPU.Build.0 = Debug|Any CPU
		{52B94DE2-D119-4E15-9E29-E4B0DBE66870}.Release|Any CPU.ActiveCfg = Release|Any CPU
		{52B94DE2-D119-4E15-9E29-E4B0DBE66870}.Release|Any CPU.Build.0 = Release|Any CPU
		{FCFF320C-078A-4D07-9FF0-10E6B1B3C271}.Debug|Any CPU.ActiveCfg = Debug|Any CPU
		{FCFF320C-078A-4D07-9FF0-10E6B1B3C271}.Debug|Any CPU.Build.0 = Debug|Any CPU
		{FCFF320C-078A-4D07-9FF0-10E6B1B3C271}.Release|Any CPU.ActiveCfg = Release|Any CPU
		{FCFF320C-078A-4D07-9FF0-10E6B1B3C271}.Release|Any CPU.Build.0 = Release|Any CPU
		{68FF9AA9-436C-495E-B741-D16EB1C2E14D}.Debug|Any CPU.ActiveCfg = Debug|Any CPU
		{68FF9AA9-436C-495E-B741-D16EB1C2E14D}.Debug|Any CPU.Build.0 = Debug|Any CPU
		{68FF9AA9-436C-495E-B741-D16EB1C2E14D}.Release|Any CPU.ActiveCfg = Release|Any CPU
		{68FF9AA9-436C-495E-B741-D16EB1C2E14D}.Release|Any CPU.Build.0 = Release|Any CPU
		{5EFC130F-EE1A-4FFF-BB63-CBBC90A0BD34}.Debug|Any CPU.ActiveCfg = Debug|Any CPU
		{5EFC130F-EE1A-4FFF-BB63-CBBC90A0BD34}.Debug|Any CPU.Build.0 = Debug|Any CPU
		{5EFC130F-EE1A-4FFF-BB63-CBBC90A0BD34}.Release|Any CPU.ActiveCfg = Release|Any CPU
		{5EFC130F-EE1A-4FFF-BB63-CBBC90A0BD34}.Release|Any CPU.Build.0 = Release|Any CPU
		{3F34FE9B-50E2-42ED-BD0E-26F92D5271F3}.Debug|Any CPU.ActiveCfg = Debug|Any CPU
		{3F34FE9B-50E2-42ED-BD0E-26F92D5271F3}.Debug|Any CPU.Build.0 = Debug|Any CPU
		{3F34FE9B-50E2-42ED-BD0E-26F92D5271F3}.Release|Any CPU.ActiveCfg = Release|Any CPU
		{3F34FE9B-50E2-42ED-BD0E-26F92D5271F3}.Release|Any CPU.Build.0 = Release|Any CPU
	EndGlobalSection
	GlobalSection(SolutionProperties) = preSolution
		HideSolutionNode = FALSE
	EndGlobalSection
	GlobalSection(ExtensibilityGlobals) = postSolution
		SolutionGuid = {6CFCBF25-FD13-467B-868A-608B80C0AE6A}
	EndGlobalSection
	GlobalSection(NestedProjects) = preSolution
	EndGlobalSection
EndGlobal
